
Microsoft Visual Studio Solution File, Format Version 12.00
# Visual Studio Version 17
VisualStudioVersion = 17.5.002.0
MinimumVisualStudioVersion = 10.0.40219.1
Project("{9A19103F-16F7-4668-BE54-9A1E7A4F7556}") = "Task-app", "Task-app.csproj", "{B75F74C3-AD81-44C3-BF0D-BDF3C588F2ED}"
EndProject
Global
	GlobalSection(SolutionConfigurationPlatforms) = preSolution
		Debug|Any CPU = Debug|Any CPU
		Release|Any CPU = Release|Any CPU
	EndGlobalSection
	GlobalSection(ProjectConfigurationPlatforms) = postSolution
		{B75F74C3-AD81-44C3-BF0D-BDF3C588F2ED}.Debug|Any CPU.ActiveCfg = Debug|Any CPU
		{B75F74C3-AD81-44C3-BF0D-BDF3C588F2ED}.Debug|Any CPU.Build.0 = Debug|Any CPU
		{B75F74C3-AD81-44C3-BF0D-BDF3C588F2ED}.Release|Any CPU.ActiveCfg = Release|Any CPU
		{B75F74C3-AD81-44C3-BF0D-BDF3C588F2ED}.Release|Any CPU.Build.0 = Release|Any CPU
	EndGlobalSection
	GlobalSection(SolutionProperties) = preSolution
		HideSolutionNode = FALSE
	EndGlobalSection
	GlobalSection(ExtensibilityGlobals) = postSolution
		SolutionGuid = {FD5978DB-B56F-4A52-861E-32ACBF0AA791}
	EndGlobalSection
EndGlobal
